// !$*UTF8*$!
{
	archiveVersion = 1;
	classes = {
	};
	objectVersion = 46;
	objects = {

/* Begin PBXBuildFile section */
		F11FA9381E3F13C20021C0DC /* main.m in Sources */ = {isa = PBXBuildFile; fileRef = F11FA9371E3F13C20021C0DC /* main.m */; };
		F11FA93B1E3F13C20021C0DC /* AppDelegate.m in Sources */ = {isa = PBXBuildFile; fileRef = F11FA93A1E3F13C20021C0DC /* AppDelegate.m */; };
		F11FA93E1E3F13C20021C0DC /* ItemListVC.m in Sources */ = {isa = PBXBuildFile; fileRef = F11FA93D1E3F13C20021C0DC /* ItemListVC.m */; };
		F11FA9411E3F13C20021C0DC /* Main.storyboard in Resources */ = {isa = PBXBuildFile; fileRef = F11FA93F1E3F13C20021C0DC /* Main.storyboard */; };
		F11FA9431E3F13C20021C0DC /* Assets.xcassets in Resources */ = {isa = PBXBuildFile; fileRef = F11FA9421E3F13C20021C0DC /* Assets.xcassets */; };
		F11FA9461E3F13C20021C0DC /* LaunchScreen.storyboard in Resources */ = {isa = PBXBuildFile; fileRef = F11FA9441E3F13C20021C0DC /* LaunchScreen.storyboard */; };
		F1220A4C1E43003900A5AEAC /* images.jpg in Resources */ = {isa = PBXBuildFile; fileRef = F1220A4B1E43003900A5AEAC /* images.jpg */; };
		F1220A4F1E432AEC00A5AEAC /* LastViewController.m in Sources */ = {isa = PBXBuildFile; fileRef = F1220A4E1E432AEC00A5AEAC /* LastViewController.m */; };
		F17BF9E91E3F578000F3DCB2 /* pinView.m in Sources */ = {isa = PBXBuildFile; fileRef = F17BF9E81E3F578000F3DCB2 /* pinView.m */; };
		F17BF9EC1E3F59AF00F3DCB2 /* CoreLocation.framework in Frameworks */ = {isa = PBXBuildFile; fileRef = F17BF9EB1E3F59AF00F3DCB2 /* CoreLocation.framework */; };
		F17BF9EE1E3F59BA00F3DCB2 /* MapKit.framework in Frameworks */ = {isa = PBXBuildFile; fileRef = F17BF9ED1E3F59BA00F3DCB2 /* MapKit.framework */; };
		F1D5137A1E3F1B9D0020C912 /* DetailVC.m in Sources */ = {isa = PBXBuildFile; fileRef = F1D513791E3F1B9D0020C912 /* DetailVC.m */; };
		F1FD5A1C1E40497800D8EBF4 /* ItemCell.m in Sources */ = {isa = PBXBuildFile; fileRef = F1FD5A1B1E40497800D8EBF4 /* ItemCell.m */; };
/* End PBXBuildFile section */

/* Begin PBXFileReference section */
		F11FA9331E3F13C20021C0DC /* tableview.app */ = {isa = PBXFileReference; explicitFileType = wrapper.application; includeInIndex = 0; path = tableview.app; sourceTree = BUILT_PRODUCTS_DIR; };
		F11FA9371E3F13C20021C0DC /* main.m */ = {isa = PBXFileReference; lastKnownFileType = sourcecode.c.objc; path = main.m; sourceTree = "<group>"; };
		F11FA9391E3F13C20021C0DC /* AppDelegate.h */ = {isa = PBXFileReference; lastKnownFileType = sourcecode.c.h; path = AppDelegate.h; sourceTree = "<group>"; };
		F11FA93A1E3F13C20021C0DC /* AppDelegate.m */ = {isa = PBXFileReference; lastKnownFileType = sourcecode.c.objc; path = AppDelegate.m; sourceTree = "<group>"; };
		F11FA93C1E3F13C20021C0DC /* ItemListVC.h */ = {isa = PBXFileReference; lastKnownFileType = sourcecode.c.h; path = ItemListVC.h; sourceTree = "<group>"; };
		F11FA93D1E3F13C20021C0DC /* ItemListVC.m */ = {isa = PBXFileReference; lastKnownFileType = sourcecode.c.objc; path = ItemListVC.m; sourceTree = "<group>"; };
		F11FA9401E3F13C20021C0DC /* Base */ = {isa = PBXFileReference; lastKnownFileType = file.storyboard; name = Base; path = Base.lproj/Main.storyboard; sourceTree = "<group>"; };
		F11FA9421E3F13C20021C0DC /* Assets.xcassets */ = {isa = PBXFileReference; lastKnownFileType = folder.assetcatalog; path = Assets.xcassets; sourceTree = "<group>"; };
		F11FA9451E3F13C20021C0DC /* Base */ = {isa = PBXFileReference; lastKnownFileType = file.storyboard; name = Base; path = Base.lproj/LaunchScreen.storyboard; sourceTree = "<group>"; };
		F11FA9471E3F13C20021C0DC /* Info.plist */ = {isa = PBXFileReference; lastKnownFileType = text.plist.xml; path = Info.plist; sourceTree = "<group>"; };
		F1220A4B1E43003900A5AEAC /* images.jpg */ = {isa = PBXFileReference; lastKnownFileType = image.jpeg; path = images.jpg; sourceTree = "<group>"; };
		F1220A4D1E432AEC00A5AEAC /* LastViewController.h */ = {isa = PBXFileReference; fileEncoding = 4; lastKnownFileType = sourcecode.c.h; path = LastViewController.h; sourceTree = "<group>"; };
		F1220A4E1E432AEC00A5AEAC /* LastViewController.m */ = {isa = PBXFileReference; fileEncoding = 4; lastKnownFileType = sourcecode.c.objc; path = LastViewController.m; sourceTree = "<group>"; };
		F17BF9E71E3F578000F3DCB2 /* pinView.h */ = {isa = PBXFileReference; fileEncoding = 4; lastKnownFileType = sourcecode.c.h; path = pinView.h; sourceTree = "<group>"; };
		F17BF9E81E3F578000F3DCB2 /* pinView.m */ = {isa = PBXFileReference; fileEncoding = 4; lastKnownFileType = sourcecode.c.objc; path = pinView.m; sourceTree = "<group>"; };
		F17BF9EB1E3F59AF00F3DCB2 /* CoreLocation.framework */ = {isa = PBXFileReference; lastKnownFileType = wrapper.framework; name = CoreLocation.framework; path = System/Library/Frameworks/CoreLocation.framework; sourceTree = SDKROOT; };
		F17BF9ED1E3F59BA00F3DCB2 /* MapKit.framework */ = {isa = PBXFileReference; lastKnownFileType = wrapper.framework; name = MapKit.framework; path = System/Library/Frameworks/MapKit.framework; sourceTree = SDKROOT; };
		F1D513781E3F1B9D0020C912 /* DetailVC.h */ = {isa = PBXFileReference; fileEncoding = 4; lastKnownFileType = sourcecode.c.h; path = DetailVC.h; sourceTree = "<group>"; };
		F1D513791E3F1B9D0020C912 /* DetailVC.m */ = {isa = PBXFileReference; fileEncoding = 4; lastKnownFileType = sourcecode.c.objc; path = DetailVC.m; sourceTree = "<group>"; };
		F1FD5A1A1E40497800D8EBF4 /* ItemCell.h */ = {isa = PBXFileReference; fileEncoding = 4; lastKnownFileType = sourcecode.c.h; path = ItemCell.h; sourceTree = "<group>"; };
		F1FD5A1B1E40497800D8EBF4 /* ItemCell.m */ = {isa = PBXFileReference; fileEncoding = 4; lastKnownFileType = sourcecode.c.objc; path = ItemCell.m; sourceTree = "<group>"; };
/* End PBXFileReference section */

/* Begin PBXFrameworksBuildPhase section */
		F11FA9301E3F13C20021C0DC /* Frameworks */ = {
			isa = PBXFrameworksBuildPhase;
			buildActionMask = 2147483647;
			files = (
				F17BF9EE1E3F59BA00F3DCB2 /* MapKit.framework in Frameworks */,
				F17BF9EC1E3F59AF00F3DCB2 /* CoreLocation.framework in Frameworks */,
			);
			runOnlyForDeploymentPostprocessing = 0;
		};
/* End PBXFrameworksBuildPhase section */

/* Begin PBXGroup section */
		F11FA92A1E3F13C20021C0DC = {
			isa = PBXGroup;
			children = (
				F11FA9351E3F13C20021C0DC /* tableview */,
				F11FA9341E3F13C20021C0DC /* Products */,
				F17BF9EA1E3F59AF00F3DCB2 /* Frameworks */,
			);
			sourceTree = "<group>";
		};
		F11FA9341E3F13C20021C0DC /* Products */ = {
			isa = PBXGroup;
			children = (
				F11FA9331E3F13C20021C0DC /* tableview.app */,
			);
			name = Products;
			sourceTree = "<group>";
		};
		F11FA9351E3F13C20021C0DC /* tableview */ = {
			isa = PBXGroup;
			children = (
				F11FA9391E3F13C20021C0DC /* AppDelegate.h */,
				F11FA93A1E3F13C20021C0DC /* AppDelegate.m */,
				F11FA93C1E3F13C20021C0DC /* ItemListVC.h */,
				F11FA93D1E3F13C20021C0DC /* ItemListVC.m */,
				F1D513781E3F1B9D0020C912 /* DetailVC.h */,
				F1D513791E3F1B9D0020C912 /* DetailVC.m */,
				F1220A4D1E432AEC00A5AEAC /* LastViewController.h */,
				F1220A4E1E432AEC00A5AEAC /* LastViewController.m */,
				F11FA93F1E3F13C20021C0DC /* Main.storyboard */,
				F1220A4B1E43003900A5AEAC /* images.jpg */,
				F17BF9E71E3F578000F3DCB2 /* pinView.h */,
				F17BF9E81E3F578000F3DCB2 /* pinView.m */,
				F1FD5A1D1E40528900D8EBF4 /* Tableviewcell */,
				F11FA9421E3F13C20021C0DC /* Assets.xcassets */,
				F11FA9441E3F13C20021C0DC /* LaunchScreen.storyboard */,
				F11FA9471E3F13C20021C0DC /* Info.plist */,
				F11FA9361E3F13C20021C0DC /* Supporting Files */,
			);
			path = tableview;
			sourceTree = "<group>";
		};
		F11FA9361E3F13C20021C0DC /* Supporting Files */ = {
			isa = PBXGroup;
			children = (
				F11FA9371E3F13C20021C0DC /* main.m */,
			);
			name = "Supporting Files";
			sourceTree = "<group>";
		};
		F17BF9EA1E3F59AF00F3DCB2 /* Frameworks */ = {
			isa = PBXGroup;
			children = (
				F17BF9ED1E3F59BA00F3DCB2 /* MapKit.framework */,
				F17BF9EB1E3F59AF00F3DCB2 /* CoreLocation.framework */,
			);
			name = Frameworks;
			sourceTree = "<group>";
		};
		F1FD5A1D1E40528900D8EBF4 /* Tableviewcell */ = {
			isa = PBXGroup;
			children = (
				F1FD5A1A1E40497800D8EBF4 /* ItemCell.h */,
				F1FD5A1B1E40497800D8EBF4 /* ItemCell.m */,
			);
			name = Tableviewcell;
			sourceTree = "<group>";
		};
/* End PBXGroup section */

/* Begin PBXNativeTarget section */
		F11FA9321E3F13C20021C0DC /* tableview */ = {
			isa = PBXNativeTarget;
			buildConfigurationList = F11FA94A1E3F13C20021C0DC /* Build configuration list for PBXNativeTarget "tableview" */;
			buildPhases = (
				F11FA92F1E3F13C20021C0DC /* Sources */,
				F11FA9301E3F13C20021C0DC /* Frameworks */,
				F11FA9311E3F13C20021C0DC /* Resources */,
			);
			buildRules = (
			);
			dependencies = (
			);
			name = tableview;
			productName = tableview;
			productReference = F11FA9331E3F13C20021C0DC /* tableview.app */;
			productType = "com.apple.product-type.application";
		};
/* End PBXNativeTarget section */

/* Begin PBXProject section */
		F11FA92B1E3F13C20021C0DC /* Project object */ = {
			isa = PBXProject;
			attributes = {
				LastUpgradeCheck = 0800;
				ORGANIZATIONNAME = "C N Soft Net";
				TargetAttributes = {
					F11FA9321E3F13C20021C0DC = {
						CreatedOnToolsVersion = 8.0;
						DevelopmentTeam = WX82MKMUM2;
						ProvisioningStyle = Automatic;
					};
				};
			};
			buildConfigurationList = F11FA92E1E3F13C20021C0DC /* Build configuration list for PBXProject "tableview" */;
			compatibilityVersion = "Xcode 3.2";
			developmentRegion = English;
			hasScannedForEncodings = 0;
			knownRegions = (
				en,
				Base,
			);
			mainGroup = F11FA92A1E3F13C20021C0DC;
			productRefGroup = F11FA9341E3F13C20021C0DC /* Products */;
			projectDirPath = "";
			projectRoot = "";
			targets = (
				F11FA9321E3F13C20021C0DC /* tableview */,
			);
		};
/* End PBXProject section */

/* Begin PBXResourcesBuildPhase section */
		F11FA9311E3F13C20021C0DC /* Resources */ = {
			isa = PBXResourcesBuildPhase;
			buildActionMask = 2147483647;
			files = (
				F11FA9461E3F13C20021C0DC /* LaunchScreen.storyboard in Resources */,
				F11FA9431E3F13C20021C0DC /* Assets.xcassets in Resources */,
				F11FA9411E3F13C20021C0DC /* Main.storyboard in Resources */,
				F1220A4C1E43003900A5AEAC /* images.jpg in Resources */,
			);
			runOnlyForDeploymentPostprocessing = 0;
		};
/* End PBXResourcesBuildPhase section */

/* Begin PBXSourcesBuildPhase section */
		F11FA92F1E3F13C20021C0DC /* Sources */ = {
			isa = PBXSourcesBuildPhase;
			buildActionMask = 2147483647;
			files = (
				F1FD5A1C1E40497800D8EBF4 /* ItemCell.m in Sources */,
				F11FA93E1E3F13C20021C0DC /* ItemListVC.m in Sources */,
				F1D5137A1E3F1B9D0020C912 /* DetailVC.m in Sources */,
				F17BF9E91E3F578000F3DCB2 /* pinView.m in Sources */,
				F1220A4F1E432AEC00A5AEAC /* LastViewController.m in Sources */,
				F11FA93B1E3F13C20021C0DC /* AppDelegate.m in Sources */,
				F11FA9381E3F13C20021C0DC /* main.m in Sources */,
			);
			runOnlyForDeploymentPostprocessing = 0;
		};
/* End PBXSourcesBuildPhase section */

/* Begin PBXVariantGroup section */
		F11FA93F1E3F13C20021C0DC /* Main.storyboard */ = {
			isa = PBXVariantGroup;
			children = (
				F11FA9401E3F13C20021C0DC /* Base */,
			);
			name = Main.storyboard;
			sourceTree = "<group>";
		};
		F11FA9441E3F13C20021C0DC /* LaunchScreen.storyboard */ = {
			isa = PBXVariantGroup;
			children = (
				F11FA9451E3F13C20021C0DC /* Base */,
			);
			name = LaunchScreen.storyboard;
			sourceTree = "<group>";
		};
/* End PBXVariantGroup section */

/* Begin XCBuildConfiguration section */
		F11FA9481E3F13C20021C0DC /* Debug */ = {
			isa = XCBuildConfiguration;
			buildSettings = {
				ALWAYS_SEARCH_USER_PATHS = NO;
				CLANG_ANALYZER_NONNULL = YES;
				CLANG_CXX_LANGUAGE_STANDARD = "gnu++0x";
				CLANG_CXX_LIBRARY = "libc++";
				CLANG_ENABLE_MODULES = YES;
				CLANG_ENABLE_OBJC_ARC = YES;
				CLANG_WARN_BOOL_CONVERSION = YES;
				CLANG_WARN_CONSTANT_CONVERSION = YES;
				CLANG_WARN_DIRECT_OBJC_ISA_USAGE = YES_ERROR;
				CLANG_WARN_DOCUMENTATION_COMMENTS = YES;
				CLANG_WARN_EMPTY_BODY = YES;
				CLANG_WARN_ENUM_CONVERSION = YES;
				CLANG_WARN_INFINITE_RECURSION = YES;
				CLANG_WARN_INT_CONVERSION = YES;
				CLANG_WARN_OBJC_ROOT_CLASS = YES_ERROR;
				CLANG_WARN_SUSPICIOUS_MOVES = YES;
				CLANG_WARN_UNREACHABLE_CODE = YES;
				CLANG_WARN__DUPLICATE_METHOD_MATCH = YES;
				"CODE_SIGN_IDENTITY[sdk=iphoneos*]" = "iPhone Developer";
				COPY_PHASE_STRIP = NO;
				DEBUG_INFORMATION_FORMAT = dwarf;
				ENABLE_STRICT_OBJC_MSGSEND = YES;
				ENABLE_TESTABILITY = YES;
				GCC_C_LANGUAGE_STANDARD = gnu99;
				GCC_DYNAMIC_NO_PIC = NO;
				GCC_NO_COMMON_BLOCKS = YES;
				GCC_OPTIMIZATION_LEVEL = 0;
				GCC_PREPROCESSOR_DEFINITIONS = (
					"DEBUG=1",
					"$(inherited)",
				);
				GCC_WARN_64_TO_32_BIT_CONVERSION = YES;
				GCC_WARN_ABOUT_RETURN_TYPE = YES_ERROR;
				GCC_WARN_UNDECLARED_SELECTOR = YES;
				GCC_WARN_UNINITIALIZED_AUTOS = YES_AGGRESSIVE;
				GCC_WARN_UNUSED_FUNCTION = YES;
				GCC_WARN_UNUSED_VARIABLE = YES;
				IPHONEOS_DEPLOYMENT_TARGET = 10.0;
				MTL_ENABLE_DEBUG_INFO = YES;
				ONLY_ACTIVE_ARCH = YES;
				SDKROOT = iphoneos;
			};
			name = Debug;
		};
		F11FA9491E3F13C20021C0DC /* Release */ = {
			isa = XCBuildConfiguration;
			buildSettings = {
				ALWAYS_SEARCH_USER_PATHS = NO;
				CLANG_ANALYZER_NONNULL = YES;
				CLANG_CXX_LANGUAGE_STANDARD = "gnu++0x";
				CLANG_CXX_LIBRARY = "libc++";
				CLANG_ENABLE_MODULES = YES;
				CLANG_ENABLE_OBJC_ARC = YES;
				CLANG_WARN_BOOL_CONVERSION = YES;
				CLANG_WARN_CONSTANT_CONVERSION = YES;
				CLANG_WARN_DIRECT_OBJC_ISA_USAGE = YES_ERROR;
				CLANG_WARN_DOCUMENTATION_COMMENTS = YES;
				CLANG_WARN_EMPTY_BODY = YES;
				CLANG_WARN_ENUM_CONVERSION = YES;
				CLANG_WARN_INFINITE_RECURSION = YES;
				CLANG_WARN_INT_CONVERSION = YES;
				CLANG_WARN_OBJC_ROOT_CLASS = YES_ERROR;
				CLANG_WARN_SUSPICIOUS_MOVES = YES;
				CLANG_WARN_UNREACHABLE_CODE = YES;
				CLANG_WARN__DUPLICATE_METHOD_MATCH = YES;
				"CODE_SIGN_IDENTITY[sdk=iphoneos*]" = "iPhone Developer";
				COPY_PHASE_STRIP = NO;
				DEBUG_INFORMATION_FORMAT = "dwarf-with-dsym";
				ENABLE_NS_ASSERTIONS = NO;
				ENABLE_STRICT_OBJC_MSGSEND = YES;
				GCC_C_LANGUAGE_STANDARD = gnu99;
				GCC_NO_COMMON_BLOCKS = YES;
				GCC_WARN_64_TO_32_BIT_CONVERSION = YES;
				GCC_WARN_ABOUT_RETURN_TYPE = YES_ERROR;
				GCC_WARN_UNDECLARED_SELECTOR = YES;
				GCC_WARN_UNINITIALIZED_AUTOS = YES_AGGRESSIVE;
				GCC_WARN_UNUSED_FUNCTION = YES;
				GCC_WARN_UNUSED_VARIABLE = YES;
				IPHONEOS_DEPLOYMENT_TARGET = 10.0;
				MTL_ENABLE_DEBUG_INFO = NO;
				SDKROOT = iphoneos;
				VALIDATE_PRODUCT = YES;
			};
			name = Release;
		};
		F11FA94B1E3F13C20021C0DC /* Debug */ = {
			isa = XCBuildConfiguration;
			buildSettings = {
				ASSETCATALOG_COMPILER_APPICON_NAME = AppIcon;
				DEVELOPMENT_TEAM = WX82MKMUM2;
				INFOPLIST_FILE = tableview/Info.plist;
				IPHONEOS_DEPLOYMENT_TARGET = 9.3;
				LD_RUNPATH_SEARCH_PATHS = "$(inherited) @executable_path/Frameworks";
				PRODUCT_BUNDLE_IDENTIFIER = com.cnsoftnet.apn.tableview;
				PRODUCT_NAME = "$(TARGET_NAME)";
			};
			name = Debug;
		};
		F11FA94C1E3F13C20021C0DC /* Release */ = {
			isa = XCBuildConfiguration;
			buildSettings = {
				ASSETCATALOG_COMPILER_APPICON_NAME = AppIcon;
				DEVELOPMENT_TEAM = WX82MKMUM2;
				INFOPLIST_FILE = tableview/Info.plist;
				IPHONEOS_DEPLOYMENT_TARGET = 9.3;
				LD_RUNPATH_SEARCH_PATHS = "$(inherited) @executable_path/Frameworks";
				PRODUCT_BUNDLE_IDENTIFIER = com.cnsoftnet.apn.tableview;
				PRODUCT_NAME = "$(TARGET_NAME)";
			};
			name = Release;
		};
/* End XCBuildConfiguration section */

/* Begin XCConfigurationList section */
		F11FA92E1E3F13C20021C0DC /* Build configuration list for PBXProject "tableview" */ = {
			isa = XCConfigurationList;
			buildConfigurations = (
				F11FA9481E3F13C20021C0DC /* Debug */,
				F11FA9491E3F13C20021C0DC /* Release */,
			);
			defaultConfigurationIsVisible = 0;
			defaultConfigurationName = Release;
		};
		F11FA94A1E3F13C20021C0DC /* Build configuration list for PBXNativeTarget "tableview" */ = {
			isa = XCConfigurationList;
			buildConfigurations = (
				F11FA94B1E3F13C20021C0DC /* Debug */,
				F11FA94C1E3F13C20021C0DC /* Release */,
			);
			defaultConfigurationIsVisible = 0;
			defaultConfigurationName = Release;
		};
/* End XCConfigurationList section */
	};
	rootObject = F11FA92B1E3F13C20021C0DC /* Project object */;
}
